// !$*UTF8*$!
{
	archiveVersion = 1;
	classes = {
	};
	objectVersion = 50;
	objects = {

/* Begin PBXBuildFile section */
		0A6C937D2107A68800097F37 /* LoginViewController.m in Sources */ = {isa = PBXBuildFile; fileRef = 0A6C937C2107A68800097F37 /* LoginViewController.m */; };
		0A6C93802107A6A000097F37 /* SignUpViewController.m in Sources */ = {isa = PBXBuildFile; fileRef = 0A6C937F2107A6A000097F37 /* SignUpViewController.m */; };
		0A6C9384211110EE00097F37 /* PostDetailsViewController.m in Sources */ = {isa = PBXBuildFile; fileRef = 0A6C9383211110EE00097F37 /* PostDetailsViewController.m */; };
		0A732C6A211A219400F79D16 /* UIImageView+Cache.m in Sources */ = {isa = PBXBuildFile; fileRef = 0A732C69211A219400F79D16 /* UIImageView+Cache.m */; };
		0A732C6E211A2AF900F79D16 /* GoogleService-Info.plist in Resources */ = {isa = PBXBuildFile; fileRef = 0A732C6D211A2AF900F79D16 /* GoogleService-Info.plist */; };
		0A84EF852118D9D00019699D /* UserViewController.m in Sources */ = {isa = PBXBuildFile; fileRef = 0A84EF842118D9D00019699D /* UserViewController.m */; };
		0AAC9D9F2111348300A3967E /* LaunchScreen.storyboard in Resources */ = {isa = PBXBuildFile; fileRef = 0AAC9D9E2111348300A3967E /* LaunchScreen.storyboard */; };
		0AADDFE121015B3C00C173CB /* DatePickerModalViewController.m in Sources */ = {isa = PBXBuildFile; fileRef = 0AADDFE021015B3C00C173CB /* DatePickerModalViewController.m */; };
		0AE18A122113A1DC00B8CA74 /* Location.m in Sources */ = {isa = PBXBuildFile; fileRef = 0AE18A112113A1DC00B8CA74 /* Location.m */; };
		0AE18A1B2113A24A00B8CA74 /* EventCell.m in Sources */ = {isa = PBXBuildFile; fileRef = 0AE18A1A2113A24900B8CA74 /* EventCell.m */; };
		15B5F4C7593BEFBBAAFE0646 /* libPods-NoovesUITests.a in Frameworks */ = {isa = PBXBuildFile; fileRef = A9F39A0662BD8CB96F7F92B9 /* libPods-NoovesUITests.a */; };
		21973DE3113EBB5DEB6F4C66 /* libPods-NoovesTests.a in Frameworks */ = {isa = PBXBuildFile; fileRef = 5BB44CD4F58502A71E979B8A /* libPods-NoovesTests.a */; };
		320881052119A0700046F5B3 /* EventDetailsViewController.m in Sources */ = {isa = PBXBuildFile; fileRef = 320881042119A0700046F5B3 /* EventDetailsViewController.m */; };
		3208810B211B9B970046F5B3 /* EventsWithDetailsViewController.m in Sources */ = {isa = PBXBuildFile; fileRef = 3208810A211B9B970046F5B3 /* EventsWithDetailsViewController.m */; };
		327D408421093011002E8513 /* EditProfileViewController.m in Sources */ = {isa = PBXBuildFile; fileRef = 327D408321093011002E8513 /* EditProfileViewController.m */; };
		327D408721094087002E8513 /* User.m in Sources */ = {isa = PBXBuildFile; fileRef = 327D408621094087002E8513 /* User.m */; };
		327FA7C220FD2014009C55BA /* ComposeViewController.m in Sources */ = {isa = PBXBuildFile; fileRef = 327FA7C120FD2014009C55BA /* ComposeViewController.m */; };
		327FA7C520FD273E009C55BA /* PostCell.m in Sources */ = {isa = PBXBuildFile; fileRef = 327FA7C420FD273E009C55BA /* PostCell.m */; };
		327FA7CE20FD2858009C55BA /* Post.m in Sources */ = {isa = PBXBuildFile; fileRef = 327FA7CD20FD2858009C55BA /* Post.m */; };
		327FA7D720FEAA63009C55BA /* TimelineViewController.m in Sources */ = {isa = PBXBuildFile; fileRef = 327FA7D620FEAA63009C55BA /* TimelineViewController.m */; };
		32B6A8A72113B36400C9C67D /* EventsViewController.m in Sources */ = {isa = PBXBuildFile; fileRef = 32B6A8A62113B36400C9C67D /* EventsViewController.m */; };
		32C735D6210684F0002F8689 /* FilterViewController.m in Sources */ = {isa = PBXBuildFile; fileRef = 32C735D5210684F0002F8689 /* FilterViewController.m */; };
		32C7361D210842E3002F8689 /* FilterCell.m in Sources */ = {isa = PBXBuildFile; fileRef = 32C7361C210842E3002F8689 /* FilterCell.m */; };
		AEFFC6BF6548F16ED4711448 /* libPods-Nooves.a in Frameworks */ = {isa = PBXBuildFile; fileRef = 8A904B4EF1BECCBE8A7C80A7 /* libPods-Nooves.a */; };
		88EA4F91B256FABCEF59A44B /* libPods-Nooves.a in Frameworks */ = {isa = PBXBuildFile; fileRef = E3869EF44C092142CDCF38AB /* libPods-Nooves.a */; };
		A8118283CBE20906A3BDB372 /* libPods-NoovesUITests.a in Frameworks */ = {isa = PBXBuildFile; fileRef = A55F4BBA41E7A6F4F43E772D /* libPods-NoovesUITests.a */; };
		CE19181F211CB7E6006EAF03 /* LocationSettingsViewController.m in Sources */ = {isa = PBXBuildFile; fileRef = CE19181E211CB7E6006EAF03 /* LocationSettingsViewController.m */; };
		CE57768B21064FDA00C7637C /* LocationPickerModalViewController.m in Sources */ = {isa = PBXBuildFile; fileRef = CE57768A21064FDA00C7637C /* LocationPickerModalViewController.m */; };
		CE57768F210654E400C7637C /* CoreLocation.framework in Frameworks */ = {isa = PBXBuildFile; fileRef = CE57768E210654E400C7637C /* CoreLocation.framework */; };
		CE57769221068ADB00C7637C /* LocationCell.m in Sources */ = {isa = PBXBuildFile; fileRef = CE57769121068ADB00C7637C /* LocationCell.m */; };
		CEAC590A211100A500C08A74 /* MapKit.framework in Frameworks */ = {isa = PBXBuildFile; fileRef = CEAC5909211100A500C08A74 /* MapKit.framework */; };
		CEAC59162113811300C08A74 /* SettingsViewController.m in Sources */ = {isa = PBXBuildFile; fileRef = CEAC59152113811300C08A74 /* SettingsViewController.m */; };
		CED91F6C2101305000E0E2F6 /* TabBarController.m in Sources */ = {isa = PBXBuildFile; fileRef = CED91F6A2101304F00E0E2F6 /* TabBarController.m */; };
		CED91F6F2101306800E0E2F6 /* ProfileViewController.m in Sources */ = {isa = PBXBuildFile; fileRef = CED91F6D2101306800E0E2F6 /* ProfileViewController.m */; };
		CED91F7A2101A2DC00E0E2F6 /* CategoryPickerModalViewController.m in Sources */ = {isa = PBXBuildFile; fileRef = CED91F792101A2DC00E0E2F6 /* CategoryPickerModalViewController.m */; };
		CEDDCBC120F95554004BD3A0 /* AppDelegate.m in Sources */ = {isa = PBXBuildFile; fileRef = CEDDCBC020F95554004BD3A0 /* AppDelegate.m */; };
		CEDDCBC920F95555004BD3A0 /* Assets.xcassets in Resources */ = {isa = PBXBuildFile; fileRef = CEDDCBC820F95555004BD3A0 /* Assets.xcassets */; };
		CEDDCBCF20F95555004BD3A0 /* main.m in Sources */ = {isa = PBXBuildFile; fileRef = CEDDCBCE20F95555004BD3A0 /* main.m */; };
		CEDDCBD920F95555004BD3A0 /* NoovesTests.m in Sources */ = {isa = PBXBuildFile; fileRef = CEDDCBD820F95555004BD3A0 /* NoovesTests.m */; };
		CEDDCBE420F95555004BD3A0 /* NoovesUITests.m in Sources */ = {isa = PBXBuildFile; fileRef = CEDDCBE320F95555004BD3A0 /* NoovesUITests.m */; };
/* End PBXBuildFile section */

/* Begin PBXContainerItemProxy section */
		CEDDCBD520F95555004BD3A0 /* PBXContainerItemProxy */ = {
			isa = PBXContainerItemProxy;
			containerPortal = CEDDCBB420F95554004BD3A0 /* Project object */;
			proxyType = 1;
			remoteGlobalIDString = CEDDCBBB20F95554004BD3A0;
			remoteInfo = Nooves;
		};
		CEDDCBE020F95555004BD3A0 /* PBXContainerItemProxy */ = {
			isa = PBXContainerItemProxy;
			containerPortal = CEDDCBB420F95554004BD3A0 /* Project object */;
			proxyType = 1;
			remoteGlobalIDString = CEDDCBBB20F95554004BD3A0;
			remoteInfo = Nooves;
		};
/* End PBXContainerItemProxy section */

/* Begin PBXFileReference section */
		06786DE63FEA0714A6A6FF94 /* Pods-NoovesUITests.debug.xcconfig */ = {isa = PBXFileReference; includeInIndex = 1; lastKnownFileType = text.xcconfig; name = "Pods-NoovesUITests.debug.xcconfig"; path = "Pods/Target Support Files/Pods-NoovesUITests/Pods-NoovesUITests.debug.xcconfig"; sourceTree = "<group>"; };
		0A6C937B2107A68800097F37 /* LoginViewController.h */ = {isa = PBXFileReference; lastKnownFileType = sourcecode.c.h; path = LoginViewController.h; sourceTree = "<group>"; };
		0A6C937C2107A68800097F37 /* LoginViewController.m */ = {isa = PBXFileReference; lastKnownFileType = sourcecode.c.objc; path = LoginViewController.m; sourceTree = "<group>"; };
		0A6C937E2107A6A000097F37 /* SignUpViewController.h */ = {isa = PBXFileReference; lastKnownFileType = sourcecode.c.h; path = SignUpViewController.h; sourceTree = "<group>"; };
		0A6C937F2107A6A000097F37 /* SignUpViewController.m */ = {isa = PBXFileReference; lastKnownFileType = sourcecode.c.objc; path = SignUpViewController.m; sourceTree = "<group>"; };
		0A6C93812107CE8C00097F37 /* Nooves.entitlements */ = {isa = PBXFileReference; lastKnownFileType = text.plist.entitlements; path = Nooves.entitlements; sourceTree = "<group>"; };
		0A6C9382211110EE00097F37 /* PostDetailsViewController.h */ = {isa = PBXFileReference; lastKnownFileType = sourcecode.c.h; path = PostDetailsViewController.h; sourceTree = "<group>"; };
		0A6C9383211110EE00097F37 /* PostDetailsViewController.m */ = {isa = PBXFileReference; lastKnownFileType = sourcecode.c.objc; path = PostDetailsViewController.m; sourceTree = "<group>"; };
		0A732C68211A219400F79D16 /* UIImageView+Cache.h */ = {isa = PBXFileReference; lastKnownFileType = sourcecode.c.h; path = "UIImageView+Cache.h"; sourceTree = "<group>"; };
		0A732C69211A219400F79D16 /* UIImageView+Cache.m */ = {isa = PBXFileReference; lastKnownFileType = sourcecode.c.objc; path = "UIImageView+Cache.m"; sourceTree = "<group>"; };
		0A732C6D211A2AF900F79D16 /* GoogleService-Info.plist */ = {isa = PBXFileReference; fileEncoding = 4; lastKnownFileType = text.plist.xml; path = "GoogleService-Info.plist"; sourceTree = "<group>"; };
		0A84EF832118D9D00019699D /* UserViewController.h */ = {isa = PBXFileReference; lastKnownFileType = sourcecode.c.h; path = UserViewController.h; sourceTree = "<group>"; };
		0A84EF842118D9D00019699D /* UserViewController.m */ = {isa = PBXFileReference; lastKnownFileType = sourcecode.c.objc; path = UserViewController.m; sourceTree = "<group>"; };
		0AAC9D9E2111348300A3967E /* LaunchScreen.storyboard */ = {isa = PBXFileReference; lastKnownFileType = file.storyboard; path = LaunchScreen.storyboard; sourceTree = "<group>"; };
		0AADDFDF21015B3C00C173CB /* DatePickerModalViewController.h */ = {isa = PBXFileReference; lastKnownFileType = sourcecode.c.h; path = DatePickerModalViewController.h; sourceTree = "<group>"; };
		0AADDFE021015B3C00C173CB /* DatePickerModalViewController.m */ = {isa = PBXFileReference; lastKnownFileType = sourcecode.c.objc; path = DatePickerModalViewController.m; sourceTree = "<group>"; };
		0AE18A102113A1D100B8CA74 /* Location.h */ = {isa = PBXFileReference; fileEncoding = 4; lastKnownFileType = sourcecode.c.h; path = Location.h; sourceTree = "<group>"; };
		0AE18A112113A1DC00B8CA74 /* Location.m */ = {isa = PBXFileReference; fileEncoding = 4; lastKnownFileType = sourcecode.c.objc; path = Location.m; sourceTree = "<group>"; };
		0AE18A192113A24900B8CA74 /* EventCell.h */ = {isa = PBXFileReference; fileEncoding = 4; lastKnownFileType = sourcecode.c.h; path = EventCell.h; sourceTree = "<group>"; };
		0AE18A1A2113A24900B8CA74 /* EventCell.m */ = {isa = PBXFileReference; fileEncoding = 4; lastKnownFileType = sourcecode.c.objc; path = EventCell.m; sourceTree = "<group>"; };
		151FEBEB5D48C4C1FB5355D4 /* Pods-NoovesUITests.debug.xcconfig */ = {isa = PBXFileReference; includeInIndex = 1; lastKnownFileType = text.xcconfig; name = "Pods-NoovesUITests.debug.xcconfig"; path = "Pods/Target Support Files/Pods-NoovesUITests/Pods-NoovesUITests.debug.xcconfig"; sourceTree = "<group>"; };
		21560C204078FBB0C1FBFE36 /* Pods-NoovesTests.debug.xcconfig */ = {isa = PBXFileReference; includeInIndex = 1; lastKnownFileType = text.xcconfig; name = "Pods-NoovesTests.debug.xcconfig"; path = "Pods/Target Support Files/Pods-NoovesTests/Pods-NoovesTests.debug.xcconfig"; sourceTree = "<group>"; };
		31C829B9B99B723EAFEEB908 /* Pods-NoovesTests.release.xcconfig */ = {isa = PBXFileReference; includeInIndex = 1; lastKnownFileType = text.xcconfig; name = "Pods-NoovesTests.release.xcconfig"; path = "Pods/Target Support Files/Pods-NoovesTests/Pods-NoovesTests.release.xcconfig"; sourceTree = "<group>"; };
		320881032119A0700046F5B3 /* EventDetailsViewController.h */ = {isa = PBXFileReference; lastKnownFileType = sourcecode.c.h; path = EventDetailsViewController.h; sourceTree = "<group>"; };
		320881042119A0700046F5B3 /* EventDetailsViewController.m */ = {isa = PBXFileReference; lastKnownFileType = sourcecode.c.objc; path = EventDetailsViewController.m; sourceTree = "<group>"; };
		32088109211B9B970046F5B3 /* EventsWithDetailsViewController.h */ = {isa = PBXFileReference; lastKnownFileType = sourcecode.c.h; path = EventsWithDetailsViewController.h; sourceTree = "<group>"; };
		3208810A211B9B970046F5B3 /* EventsWithDetailsViewController.m */ = {isa = PBXFileReference; lastKnownFileType = sourcecode.c.objc; path = EventsWithDetailsViewController.m; sourceTree = "<group>"; };
		327D408221093011002E8513 /* EditProfileViewController.h */ = {isa = PBXFileReference; lastKnownFileType = sourcecode.c.h; path = EditProfileViewController.h; sourceTree = "<group>"; };
		327D408321093011002E8513 /* EditProfileViewController.m */ = {isa = PBXFileReference; lastKnownFileType = sourcecode.c.objc; path = EditProfileViewController.m; sourceTree = "<group>"; };
		327D408521094087002E8513 /* User.h */ = {isa = PBXFileReference; lastKnownFileType = sourcecode.c.h; path = User.h; sourceTree = "<group>"; };
		327D408621094087002E8513 /* User.m */ = {isa = PBXFileReference; lastKnownFileType = sourcecode.c.objc; path = User.m; sourceTree = "<group>"; };
		327FA7C020FD2014009C55BA /* ComposeViewController.h */ = {isa = PBXFileReference; lastKnownFileType = sourcecode.c.h; path = ComposeViewController.h; sourceTree = "<group>"; };
		327FA7C120FD2014009C55BA /* ComposeViewController.m */ = {isa = PBXFileReference; lastKnownFileType = sourcecode.c.objc; path = ComposeViewController.m; sourceTree = "<group>"; };
		327FA7C320FD273E009C55BA /* PostCell.h */ = {isa = PBXFileReference; lastKnownFileType = sourcecode.c.h; path = PostCell.h; sourceTree = "<group>"; };
		327FA7C420FD273E009C55BA /* PostCell.m */ = {isa = PBXFileReference; lastKnownFileType = sourcecode.c.objc; path = PostCell.m; sourceTree = "<group>"; };
		327FA7CC20FD2858009C55BA /* Post.h */ = {isa = PBXFileReference; lastKnownFileType = sourcecode.c.h; path = Post.h; sourceTree = "<group>"; };
		327FA7CD20FD2858009C55BA /* Post.m */ = {isa = PBXFileReference; lastKnownFileType = sourcecode.c.objc; path = Post.m; sourceTree = "<group>"; };
		327FA7D520FEAA63009C55BA /* TimelineViewController.h */ = {isa = PBXFileReference; lastKnownFileType = sourcecode.c.h; path = TimelineViewController.h; sourceTree = "<group>"; };
		327FA7D620FEAA63009C55BA /* TimelineViewController.m */ = {isa = PBXFileReference; lastKnownFileType = sourcecode.c.objc; path = TimelineViewController.m; sourceTree = "<group>"; };
		32B6A8A52113B36400C9C67D /* EventsViewController.h */ = {isa = PBXFileReference; lastKnownFileType = sourcecode.c.h; path = EventsViewController.h; sourceTree = "<group>"; };
		32B6A8A62113B36400C9C67D /* EventsViewController.m */ = {isa = PBXFileReference; lastKnownFileType = sourcecode.c.objc; path = EventsViewController.m; sourceTree = "<group>"; };
		32C735D4210684E7002F8689 /* FilterViewController.h */ = {isa = PBXFileReference; lastKnownFileType = sourcecode.c.h; path = FilterViewController.h; sourceTree = "<group>"; };
		32C735D5210684F0002F8689 /* FilterViewController.m */ = {isa = PBXFileReference; fileEncoding = 4; lastKnownFileType = sourcecode.c.objc; path = FilterViewController.m; sourceTree = "<group>"; };
		32C7361B210842E3002F8689 /* FilterCell.h */ = {isa = PBXFileReference; lastKnownFileType = sourcecode.c.h; path = FilterCell.h; sourceTree = "<group>"; };
		32C7361C210842E3002F8689 /* FilterCell.m */ = {isa = PBXFileReference; lastKnownFileType = sourcecode.c.objc; path = FilterCell.m; sourceTree = "<group>"; };
		3312609BEF96BAE690B385BA /* Pods-Nooves.debug.xcconfig */ = {isa = PBXFileReference; includeInIndex = 1; lastKnownFileType = text.xcconfig; name = "Pods-Nooves.debug.xcconfig"; path = "Pods/Target Support Files/Pods-Nooves/Pods-Nooves.debug.xcconfig"; sourceTree = "<group>"; };
		50967F4318728DA354BA34E8 /* Pods-Nooves.release.xcconfig */ = {isa = PBXFileReference; includeInIndex = 1; lastKnownFileType = text.xcconfig; name = "Pods-Nooves.release.xcconfig"; path = "Pods/Target Support Files/Pods-Nooves/Pods-Nooves.release.xcconfig"; sourceTree = "<group>"; };
		5BB44CD4F58502A71E979B8A /* libPods-NoovesTests.a */ = {isa = PBXFileReference; explicitFileType = archive.ar; includeInIndex = 0; path = "libPods-NoovesTests.a"; sourceTree = BUILT_PRODUCTS_DIR; };
		677409334A32D9A7E42E695F /* Pods-NoovesUITests.release.xcconfig */ = {isa = PBXFileReference; includeInIndex = 1; lastKnownFileType = text.xcconfig; name = "Pods-NoovesUITests.release.xcconfig"; path = "Pods/Target Support Files/Pods-NoovesUITests/Pods-NoovesUITests.release.xcconfig"; sourceTree = "<group>"; };
		8A904B4EF1BECCBE8A7C80A7 /* libPods-Nooves.a */ = {isa = PBXFileReference; explicitFileType = archive.ar; includeInIndex = 0; path = "libPods-Nooves.a"; sourceTree = BUILT_PRODUCTS_DIR; };
		A9F39A0662BD8CB96F7F92B9 /* libPods-NoovesUITests.a */ = {isa = PBXFileReference; explicitFileType = archive.ar; includeInIndex = 0; path = "libPods-NoovesUITests.a"; sourceTree = BUILT_PRODUCTS_DIR; };
		C200955B798E53F84849D328 /* Pods-NoovesTests.debug.xcconfig */ = {isa = PBXFileReference; includeInIndex = 1; lastKnownFileType = text.xcconfig; name = "Pods-NoovesTests.debug.xcconfig"; path = "Pods/Target Support Files/Pods-NoovesTests/Pods-NoovesTests.debug.xcconfig"; sourceTree = "<group>"; };
		38F5B91F5DEB67DC93A08401 /* Pods-Nooves.debug.xcconfig */ = {isa = PBXFileReference; includeInIndex = 1; lastKnownFileType = text.xcconfig; name = "Pods-Nooves.debug.xcconfig"; path = "Pods/Target Support Files/Pods-Nooves/Pods-Nooves.debug.xcconfig"; sourceTree = "<group>"; };
		8918DA3D7116BD7E859B7BCD /* libPods-NoovesTests.a */ = {isa = PBXFileReference; explicitFileType = archive.ar; includeInIndex = 0; path = "libPods-NoovesTests.a"; sourceTree = BUILT_PRODUCTS_DIR; };
		A55F4BBA41E7A6F4F43E772D /* libPods-NoovesUITests.a */ = {isa = PBXFileReference; explicitFileType = archive.ar; includeInIndex = 0; path = "libPods-NoovesUITests.a"; sourceTree = BUILT_PRODUCTS_DIR; };
		C6A43E079A9B5B80CB927193 /* Pods-Nooves.release.xcconfig */ = {isa = PBXFileReference; includeInIndex = 1; lastKnownFileType = text.xcconfig; name = "Pods-Nooves.release.xcconfig"; path = "Pods/Target Support Files/Pods-Nooves/Pods-Nooves.release.xcconfig"; sourceTree = "<group>"; };
		CE19181D211CB7E6006EAF03 /* LocationSettingsViewController.h */ = {isa = PBXFileReference; lastKnownFileType = sourcecode.c.h; path = LocationSettingsViewController.h; sourceTree = "<group>"; };
		CE19181E211CB7E6006EAF03 /* LocationSettingsViewController.m */ = {isa = PBXFileReference; lastKnownFileType = sourcecode.c.objc; path = LocationSettingsViewController.m; sourceTree = "<group>"; };
		CE57768921064FDA00C7637C /* LocationPickerModalViewController.h */ = {isa = PBXFileReference; lastKnownFileType = sourcecode.c.h; path = LocationPickerModalViewController.h; sourceTree = "<group>"; };
		CE57768A21064FDA00C7637C /* LocationPickerModalViewController.m */ = {isa = PBXFileReference; lastKnownFileType = sourcecode.c.objc; path = LocationPickerModalViewController.m; sourceTree = "<group>"; };
		CE57768E210654E400C7637C /* CoreLocation.framework */ = {isa = PBXFileReference; lastKnownFileType = wrapper.framework; name = CoreLocation.framework; path = System/Library/Frameworks/CoreLocation.framework; sourceTree = SDKROOT; };
		CE57769021068ADB00C7637C /* LocationCell.h */ = {isa = PBXFileReference; lastKnownFileType = sourcecode.c.h; path = LocationCell.h; sourceTree = "<group>"; };
		CE57769121068ADB00C7637C /* LocationCell.m */ = {isa = PBXFileReference; lastKnownFileType = sourcecode.c.objc; path = LocationCell.m; sourceTree = "<group>"; };
		CEAC5909211100A500C08A74 /* MapKit.framework */ = {isa = PBXFileReference; lastKnownFileType = wrapper.framework; name = MapKit.framework; path = System/Library/Frameworks/MapKit.framework; sourceTree = SDKROOT; };
		CEAC59142113811300C08A74 /* SettingsViewController.h */ = {isa = PBXFileReference; lastKnownFileType = sourcecode.c.h; path = SettingsViewController.h; sourceTree = "<group>"; };
		CEAC59152113811300C08A74 /* SettingsViewController.m */ = {isa = PBXFileReference; lastKnownFileType = sourcecode.c.objc; path = SettingsViewController.m; sourceTree = "<group>"; };
		CED91F6A2101304F00E0E2F6 /* TabBarController.m */ = {isa = PBXFileReference; fileEncoding = 4; lastKnownFileType = sourcecode.c.objc; path = TabBarController.m; sourceTree = "<group>"; };
		CED91F6B2101305000E0E2F6 /* TabBarController.h */ = {isa = PBXFileReference; fileEncoding = 4; lastKnownFileType = sourcecode.c.h; path = TabBarController.h; sourceTree = "<group>"; };
		CED91F6D2101306800E0E2F6 /* ProfileViewController.m */ = {isa = PBXFileReference; fileEncoding = 4; lastKnownFileType = sourcecode.c.objc; path = ProfileViewController.m; sourceTree = "<group>"; };
		CED91F6E2101306800E0E2F6 /* ProfileViewController.h */ = {isa = PBXFileReference; fileEncoding = 4; lastKnownFileType = sourcecode.c.h; path = ProfileViewController.h; sourceTree = "<group>"; };
		CED91F782101A2DC00E0E2F6 /* CategoryPickerModalViewController.h */ = {isa = PBXFileReference; lastKnownFileType = sourcecode.c.h; path = CategoryPickerModalViewController.h; sourceTree = "<group>"; };
		CED91F792101A2DC00E0E2F6 /* CategoryPickerModalViewController.m */ = {isa = PBXFileReference; lastKnownFileType = sourcecode.c.objc; path = CategoryPickerModalViewController.m; sourceTree = "<group>"; };
		CEDDCBBC20F95554004BD3A0 /* Nooves.app */ = {isa = PBXFileReference; explicitFileType = wrapper.application; includeInIndex = 0; path = Nooves.app; sourceTree = BUILT_PRODUCTS_DIR; };
		CEDDCBBF20F95554004BD3A0 /* AppDelegate.h */ = {isa = PBXFileReference; lastKnownFileType = sourcecode.c.h; path = AppDelegate.h; sourceTree = "<group>"; };
		CEDDCBC020F95554004BD3A0 /* AppDelegate.m */ = {isa = PBXFileReference; lastKnownFileType = sourcecode.c.objc; path = AppDelegate.m; sourceTree = "<group>"; };
		CEDDCBC820F95555004BD3A0 /* Assets.xcassets */ = {isa = PBXFileReference; lastKnownFileType = folder.assetcatalog; path = Assets.xcassets; sourceTree = "<group>"; };
		CEDDCBCD20F95555004BD3A0 /* Info.plist */ = {isa = PBXFileReference; lastKnownFileType = text.plist.xml; path = Info.plist; sourceTree = "<group>"; };
		CEDDCBCE20F95555004BD3A0 /* main.m */ = {isa = PBXFileReference; lastKnownFileType = sourcecode.c.objc; path = main.m; sourceTree = "<group>"; };
		CEDDCBD420F95555004BD3A0 /* NoovesTests.xctest */ = {isa = PBXFileReference; explicitFileType = wrapper.cfbundle; includeInIndex = 0; path = NoovesTests.xctest; sourceTree = BUILT_PRODUCTS_DIR; };
		CEDDCBD820F95555004BD3A0 /* NoovesTests.m */ = {isa = PBXFileReference; lastKnownFileType = sourcecode.c.objc; path = NoovesTests.m; sourceTree = "<group>"; };
		CEDDCBDA20F95555004BD3A0 /* Info.plist */ = {isa = PBXFileReference; lastKnownFileType = text.plist.xml; path = Info.plist; sourceTree = "<group>"; };
		CEDDCBDF20F95555004BD3A0 /* NoovesUITests.xctest */ = {isa = PBXFileReference; explicitFileType = wrapper.cfbundle; includeInIndex = 0; path = NoovesUITests.xctest; sourceTree = BUILT_PRODUCTS_DIR; };
		CEDDCBE320F95555004BD3A0 /* NoovesUITests.m */ = {isa = PBXFileReference; lastKnownFileType = sourcecode.c.objc; path = NoovesUITests.m; sourceTree = "<group>"; };
		CEDDCBE520F95555004BD3A0 /* Info.plist */ = {isa = PBXFileReference; lastKnownFileType = text.plist.xml; path = Info.plist; sourceTree = "<group>"; };
/* End PBXFileReference section */

/* Begin PBXFrameworksBuildPhase section */
		CEDDCBB920F95554004BD3A0 /* Frameworks */ = {
			isa = PBXFrameworksBuildPhase;
			buildActionMask = 2147483647;
			files = (
				CEAC590A211100A500C08A74 /* MapKit.framework in Frameworks */,
				CE57768F210654E400C7637C /* CoreLocation.framework in Frameworks */,
				AEFFC6BF6548F16ED4711448 /* libPods-Nooves.a in Frameworks */,
			);
			runOnlyForDeploymentPostprocessing = 0;
		};
		CEDDCBD120F95555004BD3A0 /* Frameworks */ = {
			isa = PBXFrameworksBuildPhase;
			buildActionMask = 2147483647;
			files = (
				21973DE3113EBB5DEB6F4C66 /* libPods-NoovesTests.a in Frameworks */,
			);
			runOnlyForDeploymentPostprocessing = 0;
		};
		CEDDCBDC20F95555004BD3A0 /* Frameworks */ = {
			isa = PBXFrameworksBuildPhase;
			buildActionMask = 2147483647;
			files = (
				15B5F4C7593BEFBBAAFE0646 /* libPods-NoovesUITests.a in Frameworks */,
			);
			runOnlyForDeploymentPostprocessing = 0;
		};
/* End PBXFrameworksBuildPhase section */

/* Begin PBXGroup section */
		0A9C2ADB20FEA9D60044A972 /* Data Models */ = {
			isa = PBXGroup;
			children = (
				327FA7CC20FD2858009C55BA /* Post.h */,
				327FA7CD20FD2858009C55BA /* Post.m */,
				327D408521094087002E8513 /* User.h */,
				327D408621094087002E8513 /* User.m */,
				0AE18A102113A1D100B8CA74 /* Location.h */,
				0AE18A112113A1DC00B8CA74 /* Location.m */,
			);
			path = "Data Models";
			sourceTree = "<group>";
		};
		327FA7D120FE56F7009C55BA /* View Controllers */ = {
			isa = PBXGroup;
			children = (
				0AADDFDF21015B3C00C173CB /* DatePickerModalViewController.h */,
				0AADDFE021015B3C00C173CB /* DatePickerModalViewController.m */,
				CED91F782101A2DC00E0E2F6 /* CategoryPickerModalViewController.h */,
				CED91F792101A2DC00E0E2F6 /* CategoryPickerModalViewController.m */,
				CE57768921064FDA00C7637C /* LocationPickerModalViewController.h */,
				CE57768A21064FDA00C7637C /* LocationPickerModalViewController.m */,
				0A84EF832118D9D00019699D /* UserViewController.h */,
				0A84EF842118D9D00019699D /* UserViewController.m */,
				0A6C9382211110EE00097F37 /* PostDetailsViewController.h */,
				0A6C9383211110EE00097F37 /* PostDetailsViewController.m */,
				CED91F6E2101306800E0E2F6 /* ProfileViewController.h */,
				CED91F6D2101306800E0E2F6 /* ProfileViewController.m */,
				CED91F6B2101305000E0E2F6 /* TabBarController.h */,
				CED91F6A2101304F00E0E2F6 /* TabBarController.m */,
				327FA7C020FD2014009C55BA /* ComposeViewController.h */,
				327FA7C120FD2014009C55BA /* ComposeViewController.m */,
				327FA7D520FEAA63009C55BA /* TimelineViewController.h */,
				327FA7D620FEAA63009C55BA /* TimelineViewController.m */,
				32C735D4210684E7002F8689 /* FilterViewController.h */,
				32C735D5210684F0002F8689 /* FilterViewController.m */,
				0A6C937B2107A68800097F37 /* LoginViewController.h */,
				0A6C937C2107A68800097F37 /* LoginViewController.m */,
				0A6C937E2107A6A000097F37 /* SignUpViewController.h */,
				0A6C937F2107A6A000097F37 /* SignUpViewController.m */,
				327D408221093011002E8513 /* EditProfileViewController.h */,
				327D408321093011002E8513 /* EditProfileViewController.m */,
				CEAC59142113811300C08A74 /* SettingsViewController.h */,
				CEAC59152113811300C08A74 /* SettingsViewController.m */,
				32B6A8A52113B36400C9C67D /* EventsViewController.h */,
				32B6A8A62113B36400C9C67D /* EventsViewController.m */,
				32088109211B9B970046F5B3 /* EventsWithDetailsViewController.h */,
				3208810A211B9B970046F5B3 /* EventsWithDetailsViewController.m */,
				CE19181D211CB7E6006EAF03 /* LocationSettingsViewController.h */,
				CE19181E211CB7E6006EAF03 /* LocationSettingsViewController.m */,
			);
			path = "View Controllers";
			sourceTree = "<group>";
		};
		327FA7D220FE5736009C55BA /* Views */ = {
			isa = PBXGroup;
			children = (
				32C7361B210842E3002F8689 /* FilterCell.h */,
				32C7361C210842E3002F8689 /* FilterCell.m */,
				327FA7C320FD273E009C55BA /* PostCell.h */,
				327FA7C420FD273E009C55BA /* PostCell.m */,
				CE57769021068ADB00C7637C /* LocationCell.h */,
				CE57769121068ADB00C7637C /* LocationCell.m */,
				0AE18A192113A24900B8CA74 /* EventCell.h */,
				0AE18A1A2113A24900B8CA74 /* EventCell.m */,
			);
			path = Views;
			sourceTree = "<group>";
		};
		9A39A707C3A81B307D62FCDD /* Pods */ = {
			isa = PBXGroup;
			children = (
				3312609BEF96BAE690B385BA /* Pods-Nooves.debug.xcconfig */,
				50967F4318728DA354BA34E8 /* Pods-Nooves.release.xcconfig */,
				C200955B798E53F84849D328 /* Pods-NoovesTests.debug.xcconfig */,
				31C829B9B99B723EAFEEB908 /* Pods-NoovesTests.release.xcconfig */,
				06786DE63FEA0714A6A6FF94 /* Pods-NoovesUITests.debug.xcconfig */,
				677409334A32D9A7E42E695F /* Pods-NoovesUITests.release.xcconfig */,
			);
			name = Pods;
			sourceTree = "<group>";
		};
		C3E0F500FA123CF05118A408 /* Frameworks */ = {
			isa = PBXGroup;
			children = (
				CEAC5909211100A500C08A74 /* MapKit.framework */,
				CE57768E210654E400C7637C /* CoreLocation.framework */,
				8A904B4EF1BECCBE8A7C80A7 /* libPods-Nooves.a */,
				5BB44CD4F58502A71E979B8A /* libPods-NoovesTests.a */,
				A9F39A0662BD8CB96F7F92B9 /* libPods-NoovesUITests.a */,
			);
			name = Frameworks;
			sourceTree = "<group>";
		};
		CEDDCBB320F95554004BD3A0 = {
			isa = PBXGroup;
			children = (
				CEDDCBBE20F95554004BD3A0 /* Nooves */,
				CEDDCBD720F95555004BD3A0 /* NoovesTests */,
				CEDDCBE220F95555004BD3A0 /* NoovesUITests */,
				CEDDCBBD20F95554004BD3A0 /* Products */,
				C3E0F500FA123CF05118A408 /* Frameworks */,
				9A39A707C3A81B307D62FCDD /* Pods */,
			);
			sourceTree = "<group>";
		};
		CEDDCBBD20F95554004BD3A0 /* Products */ = {
			isa = PBXGroup;
			children = (
				CEDDCBBC20F95554004BD3A0 /* Nooves.app */,
				CEDDCBD420F95555004BD3A0 /* NoovesTests.xctest */,
				CEDDCBDF20F95555004BD3A0 /* NoovesUITests.xctest */,
			);
			name = Products;
			sourceTree = "<group>";
		};
		CEDDCBBE20F95554004BD3A0 /* Nooves */ = {
			isa = PBXGroup;
			children = (
				0A6C93812107CE8C00097F37 /* Nooves.entitlements */,
				0A9C2ADB20FEA9D60044A972 /* Data Models */,
				327FA7D220FE5736009C55BA /* Views */,
				327FA7D120FE56F7009C55BA /* View Controllers */,
				CEDDCBBF20F95554004BD3A0 /* AppDelegate.h */,
				CEDDCBC020F95554004BD3A0 /* AppDelegate.m */,
				CEDDCBC820F95555004BD3A0 /* Assets.xcassets */,
				0AAC9D9E2111348300A3967E /* LaunchScreen.storyboard */,
				0A732C6D211A2AF900F79D16 /* GoogleService-Info.plist */,
				CEDDCBCD20F95555004BD3A0 /* Info.plist */,
				CEDDCBCE20F95555004BD3A0 /* main.m */,
				0A732C68211A219400F79D16 /* UIImageView+Cache.h */,
				0A732C69211A219400F79D16 /* UIImageView+Cache.m */,
			);
			path = Nooves;
			sourceTree = "<group>";
		};
		CEDDCBD720F95555004BD3A0 /* NoovesTests */ = {
			isa = PBXGroup;
			children = (
				CEDDCBD820F95555004BD3A0 /* NoovesTests.m */,
				CEDDCBDA20F95555004BD3A0 /* Info.plist */,
			);
			path = NoovesTests;
			sourceTree = "<group>";
		};
		CEDDCBE220F95555004BD3A0 /* NoovesUITests */ = {
			isa = PBXGroup;
			children = (
				CEDDCBE320F95555004BD3A0 /* NoovesUITests.m */,
				CEDDCBE520F95555004BD3A0 /* Info.plist */,
			);
			path = NoovesUITests;
			sourceTree = "<group>";
		};
/* End PBXGroup section */

/* Begin PBXNativeTarget section */
		CEDDCBBB20F95554004BD3A0 /* Nooves */ = {
			isa = PBXNativeTarget;
			buildConfigurationList = CEDDCBE820F95555004BD3A0 /* Build configuration list for PBXNativeTarget "Nooves" */;
			buildPhases = (
				59E273EEE40DE955485AE895 /* [CP] Check Pods Manifest.lock */,
				CEDDCBB820F95554004BD3A0 /* Sources */,
				CEDDCBB920F95554004BD3A0 /* Frameworks */,
				CEDDCBBA20F95554004BD3A0 /* Resources */,
				58C1144E6B2BFC834B66C72B /* [CP] Copy Pods Resources */,
			);
			buildRules = (
			);
			dependencies = (
			);
			name = Nooves;
			productName = Nooves;
			productReference = CEDDCBBC20F95554004BD3A0 /* Nooves.app */;
			productType = "com.apple.product-type.application";
		};
		CEDDCBD320F95555004BD3A0 /* NoovesTests */ = {
			isa = PBXNativeTarget;
			buildConfigurationList = CEDDCBEB20F95555004BD3A0 /* Build configuration list for PBXNativeTarget "NoovesTests" */;
			buildPhases = (
				E615AC750426A6D220E53144 /* [CP] Check Pods Manifest.lock */,
				CEDDCBD020F95555004BD3A0 /* Sources */,
				CEDDCBD120F95555004BD3A0 /* Frameworks */,
				CEDDCBD220F95555004BD3A0 /* Resources */,
			);
			buildRules = (
			);
			dependencies = (
				CEDDCBD620F95555004BD3A0 /* PBXTargetDependency */,
			);
			name = NoovesTests;
			productName = NoovesTests;
			productReference = CEDDCBD420F95555004BD3A0 /* NoovesTests.xctest */;
			productType = "com.apple.product-type.bundle.unit-test";
		};
		CEDDCBDE20F95555004BD3A0 /* NoovesUITests */ = {
			isa = PBXNativeTarget;
			buildConfigurationList = CEDDCBEE20F95555004BD3A0 /* Build configuration list for PBXNativeTarget "NoovesUITests" */;
			buildPhases = (
				F79929B147136D76B2C38D81 /* [CP] Check Pods Manifest.lock */,
				CEDDCBDB20F95555004BD3A0 /* Sources */,
				CEDDCBDC20F95555004BD3A0 /* Frameworks */,
				CEDDCBDD20F95555004BD3A0 /* Resources */,
			);
			buildRules = (
			);
			dependencies = (
				CEDDCBE120F95555004BD3A0 /* PBXTargetDependency */,
			);
			name = NoovesUITests;
			productName = NoovesUITests;
			productReference = CEDDCBDF20F95555004BD3A0 /* NoovesUITests.xctest */;
			productType = "com.apple.product-type.bundle.ui-testing";
		};
/* End PBXNativeTarget section */

/* Begin PBXProject section */
		CEDDCBB420F95554004BD3A0 /* Project object */ = {
			isa = PBXProject;
			attributes = {
				LastUpgradeCheck = 0940;
				ORGANIZATIONNAME = "Nikki Tran";
				TargetAttributes = {
					CEDDCBBB20F95554004BD3A0 = {
						CreatedOnToolsVersion = 9.4.1;
						SystemCapabilities = {
							com.apple.Push = {
								enabled = 1;
							};
						};
					};
					CEDDCBD320F95555004BD3A0 = {
						CreatedOnToolsVersion = 9.4.1;
						TestTargetID = CEDDCBBB20F95554004BD3A0;
					};
					CEDDCBDE20F95555004BD3A0 = {
						CreatedOnToolsVersion = 9.4.1;
						TestTargetID = CEDDCBBB20F95554004BD3A0;
					};
				};
			};
			buildConfigurationList = CEDDCBB720F95554004BD3A0 /* Build configuration list for PBXProject "Nooves" */;
			compatibilityVersion = "Xcode 9.3";
			developmentRegion = en;
			hasScannedForEncodings = 0;
			knownRegions = (
				en,
				Base,
			);
			mainGroup = CEDDCBB320F95554004BD3A0;
			productRefGroup = CEDDCBBD20F95554004BD3A0 /* Products */;
			projectDirPath = "";
			projectRoot = "";
			targets = (
				CEDDCBBB20F95554004BD3A0 /* Nooves */,
				CEDDCBD320F95555004BD3A0 /* NoovesTests */,
				CEDDCBDE20F95555004BD3A0 /* NoovesUITests */,
			);
		};
/* End PBXProject section */

/* Begin PBXResourcesBuildPhase section */
		CEDDCBBA20F95554004BD3A0 /* Resources */ = {
			isa = PBXResourcesBuildPhase;
			buildActionMask = 2147483647;
			files = (
				0AAC9D9F2111348300A3967E /* LaunchScreen.storyboard in Resources */,
				CEDDCBC920F95555004BD3A0 /* Assets.xcassets in Resources */,
				0A732C6E211A2AF900F79D16 /* GoogleService-Info.plist in Resources */,
			);
			runOnlyForDeploymentPostprocessing = 0;
		};
		CEDDCBD220F95555004BD3A0 /* Resources */ = {
			isa = PBXResourcesBuildPhase;
			buildActionMask = 2147483647;
			files = (
			);
			runOnlyForDeploymentPostprocessing = 0;
		};
		CEDDCBDD20F95555004BD3A0 /* Resources */ = {
			isa = PBXResourcesBuildPhase;
			buildActionMask = 2147483647;
			files = (
			);
			runOnlyForDeploymentPostprocessing = 0;
		};
/* End PBXResourcesBuildPhase section */

/* Begin PBXShellScriptBuildPhase section */
		58C1144E6B2BFC834B66C72B /* [CP] Copy Pods Resources */ = {
			isa = PBXShellScriptBuildPhase;
			buildActionMask = 2147483647;
			files = (
			);
			inputPaths = (
				"${SRCROOT}/Pods/Target Support Files/Pods-Nooves/Pods-Nooves-resources.sh",
				"${PODS_ROOT}/FBSDKCoreKit/FacebookSDKStrings.bundle",
			);
			name = "[CP] Copy Pods Resources";
			outputPaths = (
				"${TARGET_BUILD_DIR}/${UNLOCALIZED_RESOURCES_FOLDER_PATH}/FacebookSDKStrings.bundle",
			);
			runOnlyForDeploymentPostprocessing = 0;
			shellPath = /bin/sh;
			shellScript = "\"${SRCROOT}/Pods/Target Support Files/Pods-Nooves/Pods-Nooves-resources.sh\"\n";
			showEnvVarsInLog = 0;
		};
		59E273EEE40DE955485AE895 /* [CP] Check Pods Manifest.lock */ = {
			isa = PBXShellScriptBuildPhase;
			buildActionMask = 2147483647;
			files = (
			);
			inputPaths = (
				"${PODS_PODFILE_DIR_PATH}/Podfile.lock",
				"${PODS_ROOT}/Manifest.lock",
			);
			name = "[CP] Check Pods Manifest.lock";
			outputPaths = (
				"$(DERIVED_FILE_DIR)/Pods-Nooves-checkManifestLockResult.txt",
			);
			runOnlyForDeploymentPostprocessing = 0;
			shellPath = /bin/sh;
			shellScript = "diff \"${PODS_PODFILE_DIR_PATH}/Podfile.lock\" \"${PODS_ROOT}/Manifest.lock\" > /dev/null\nif [ $? != 0 ] ; then\n    # print error to STDERR\n    echo \"error: The sandbox is not in sync with the Podfile.lock. Run 'pod install' or update your CocoaPods installation.\" >&2\n    exit 1\nfi\n# This output is used by Xcode 'outputs' to avoid re-running this script phase.\necho \"SUCCESS\" > \"${SCRIPT_OUTPUT_FILE_0}\"\n";
			showEnvVarsInLog = 0;
		};
		E615AC750426A6D220E53144 /* [CP] Check Pods Manifest.lock */ = {
			isa = PBXShellScriptBuildPhase;
			buildActionMask = 2147483647;
			files = (
			);
			inputPaths = (
				"${PODS_PODFILE_DIR_PATH}/Podfile.lock",
				"${PODS_ROOT}/Manifest.lock",
			);
			name = "[CP] Check Pods Manifest.lock";
			outputPaths = (
				"$(DERIVED_FILE_DIR)/Pods-NoovesTests-checkManifestLockResult.txt",
			);
			runOnlyForDeploymentPostprocessing = 0;
			shellPath = /bin/sh;
			shellScript = "diff \"${PODS_PODFILE_DIR_PATH}/Podfile.lock\" \"${PODS_ROOT}/Manifest.lock\" > /dev/null\nif [ $? != 0 ] ; then\n    # print error to STDERR\n    echo \"error: The sandbox is not in sync with the Podfile.lock. Run 'pod install' or update your CocoaPods installation.\" >&2\n    exit 1\nfi\n# This output is used by Xcode 'outputs' to avoid re-running this script phase.\necho \"SUCCESS\" > \"${SCRIPT_OUTPUT_FILE_0}\"\n";
			showEnvVarsInLog = 0;
		};
		F79929B147136D76B2C38D81 /* [CP] Check Pods Manifest.lock */ = {
			isa = PBXShellScriptBuildPhase;
			buildActionMask = 2147483647;
			files = (
			);
			inputPaths = (
				"${PODS_PODFILE_DIR_PATH}/Podfile.lock",
				"${PODS_ROOT}/Manifest.lock",
			);
			name = "[CP] Check Pods Manifest.lock";
			outputPaths = (
				"$(DERIVED_FILE_DIR)/Pods-NoovesUITests-checkManifestLockResult.txt",
			);
			runOnlyForDeploymentPostprocessing = 0;
			shellPath = /bin/sh;
			shellScript = "diff \"${PODS_PODFILE_DIR_PATH}/Podfile.lock\" \"${PODS_ROOT}/Manifest.lock\" > /dev/null\nif [ $? != 0 ] ; then\n    # print error to STDERR\n    echo \"error: The sandbox is not in sync with the Podfile.lock. Run 'pod install' or update your CocoaPods installation.\" >&2\n    exit 1\nfi\n# This output is used by Xcode 'outputs' to avoid re-running this script phase.\necho \"SUCCESS\" > \"${SCRIPT_OUTPUT_FILE_0}\"\n";
			showEnvVarsInLog = 0;
		};
/* End PBXShellScriptBuildPhase section */

/* Begin PBXSourcesBuildPhase section */
		CEDDCBB820F95554004BD3A0 /* Sources */ = {
			isa = PBXSourcesBuildPhase;
			buildActionMask = 2147483647;
			files = (
				CEDDCBCF20F95555004BD3A0 /* main.m in Sources */,
				0AE18A122113A1DC00B8CA74 /* Location.m in Sources */,
				0AADDFE121015B3C00C173CB /* DatePickerModalViewController.m in Sources */,
				CE57769221068ADB00C7637C /* LocationCell.m in Sources */,
				CE19181F211CB7E6006EAF03 /* LocationSettingsViewController.m in Sources */,
				327D408721094087002E8513 /* User.m in Sources */,
				3208810B211B9B970046F5B3 /* EventsWithDetailsViewController.m in Sources */,
				0A6C9384211110EE00097F37 /* PostDetailsViewController.m in Sources */,
				CED91F6F2101306800E0E2F6 /* ProfileViewController.m in Sources */,
				32C735D6210684F0002F8689 /* FilterViewController.m in Sources */,
				0A6C93802107A6A000097F37 /* SignUpViewController.m in Sources */,
				327FA7CE20FD2858009C55BA /* Post.m in Sources */,
				327D408421093011002E8513 /* EditProfileViewController.m in Sources */,
				CEAC59162113811300C08A74 /* SettingsViewController.m in Sources */,
				32B6A8A72113B36400C9C67D /* EventsViewController.m in Sources */,
				CED91F7A2101A2DC00E0E2F6 /* CategoryPickerModalViewController.m in Sources */,
				327FA7C520FD273E009C55BA /* PostCell.m in Sources */,
				0A84EF852118D9D00019699D /* UserViewController.m in Sources */,
				CEDDCBC120F95554004BD3A0 /* AppDelegate.m in Sources */,
				0AE18A1B2113A24A00B8CA74 /* EventCell.m in Sources */,
				CE57768B21064FDA00C7637C /* LocationPickerModalViewController.m in Sources */,
				CED91F6C2101305000E0E2F6 /* TabBarController.m in Sources */,
				327FA7C220FD2014009C55BA /* ComposeViewController.m in Sources */,
				327FA7D720FEAA63009C55BA /* TimelineViewController.m in Sources */,
				0A732C6A211A219400F79D16 /* UIImageView+Cache.m in Sources */,
				0A6C937D2107A68800097F37 /* LoginViewController.m in Sources */,
				32C7361D210842E3002F8689 /* FilterCell.m in Sources */,
			);
			runOnlyForDeploymentPostprocessing = 0;
		};
		CEDDCBD020F95555004BD3A0 /* Sources */ = {
			isa = PBXSourcesBuildPhase;
			buildActionMask = 2147483647;
			files = (
				CEDDCBD920F95555004BD3A0 /* NoovesTests.m in Sources */,
			);
			runOnlyForDeploymentPostprocessing = 0;
		};
		CEDDCBDB20F95555004BD3A0 /* Sources */ = {
			isa = PBXSourcesBuildPhase;
			buildActionMask = 2147483647;
			files = (
				CEDDCBE420F95555004BD3A0 /* NoovesUITests.m in Sources */,
			);
			runOnlyForDeploymentPostprocessing = 0;
		};
/* End PBXSourcesBuildPhase section */

/* Begin PBXTargetDependency section */
		CEDDCBD620F95555004BD3A0 /* PBXTargetDependency */ = {
			isa = PBXTargetDependency;
			target = CEDDCBBB20F95554004BD3A0 /* Nooves */;
			targetProxy = CEDDCBD520F95555004BD3A0 /* PBXContainerItemProxy */;
		};
		CEDDCBE120F95555004BD3A0 /* PBXTargetDependency */ = {
			isa = PBXTargetDependency;
			target = CEDDCBBB20F95554004BD3A0 /* Nooves */;
			targetProxy = CEDDCBE020F95555004BD3A0 /* PBXContainerItemProxy */;
		};
/* End PBXTargetDependency section */

/* Begin XCBuildConfiguration section */
		CEDDCBE620F95555004BD3A0 /* Debug */ = {
			isa = XCBuildConfiguration;
			buildSettings = {
				ALWAYS_SEARCH_USER_PATHS = NO;
				CLANG_ANALYZER_NONNULL = YES;
				CLANG_ANALYZER_NUMBER_OBJECT_CONVERSION = YES_AGGRESSIVE;
				CLANG_CXX_LANGUAGE_STANDARD = "gnu++14";
				CLANG_CXX_LIBRARY = "libc++";
				CLANG_ENABLE_MODULES = YES;
				CLANG_ENABLE_OBJC_ARC = YES;
				CLANG_ENABLE_OBJC_WEAK = YES;
				CLANG_WARN_BLOCK_CAPTURE_AUTORELEASING = YES;
				CLANG_WARN_BOOL_CONVERSION = YES;
				CLANG_WARN_COMMA = YES;
				CLANG_WARN_CONSTANT_CONVERSION = YES;
				CLANG_WARN_DEPRECATED_OBJC_IMPLEMENTATIONS = YES;
				CLANG_WARN_DIRECT_OBJC_ISA_USAGE = YES_ERROR;
				CLANG_WARN_DOCUMENTATION_COMMENTS = YES;
				CLANG_WARN_EMPTY_BODY = YES;
				CLANG_WARN_ENUM_CONVERSION = YES;
				CLANG_WARN_INFINITE_RECURSION = YES;
				CLANG_WARN_INT_CONVERSION = YES;
				CLANG_WARN_NON_LITERAL_NULL_CONVERSION = YES;
				CLANG_WARN_OBJC_IMPLICIT_RETAIN_SELF = YES;
				CLANG_WARN_OBJC_LITERAL_CONVERSION = YES;
				CLANG_WARN_OBJC_ROOT_CLASS = YES_ERROR;
				CLANG_WARN_RANGE_LOOP_ANALYSIS = YES;
				CLANG_WARN_STRICT_PROTOTYPES = YES;
				CLANG_WARN_SUSPICIOUS_MOVE = YES;
				CLANG_WARN_UNGUARDED_AVAILABILITY = YES_AGGRESSIVE;
				CLANG_WARN_UNREACHABLE_CODE = YES;
				CLANG_WARN__DUPLICATE_METHOD_MATCH = YES;
				CODE_SIGN_IDENTITY = "iPhone Developer";
				COPY_PHASE_STRIP = NO;
				DEBUG_INFORMATION_FORMAT = dwarf;
				ENABLE_STRICT_OBJC_MSGSEND = YES;
				ENABLE_TESTABILITY = YES;
				GCC_C_LANGUAGE_STANDARD = gnu11;
				GCC_DYNAMIC_NO_PIC = NO;
				GCC_NO_COMMON_BLOCKS = YES;
				GCC_OPTIMIZATION_LEVEL = 0;
				GCC_PREPROCESSOR_DEFINITIONS = (
					"DEBUG=1",
					"$(inherited)",
				);
				GCC_WARN_64_TO_32_BIT_CONVERSION = YES;
				GCC_WARN_ABOUT_RETURN_TYPE = YES_ERROR;
				GCC_WARN_UNDECLARED_SELECTOR = YES;
				GCC_WARN_UNINITIALIZED_AUTOS = YES_AGGRESSIVE;
				GCC_WARN_UNUSED_FUNCTION = YES;
				GCC_WARN_UNUSED_VARIABLE = YES;
				IPHONEOS_DEPLOYMENT_TARGET = 11.4;
				MTL_ENABLE_DEBUG_INFO = YES;
				ONLY_ACTIVE_ARCH = YES;
				SDKROOT = iphoneos;
			};
			name = Debug;
		};
		CEDDCBE720F95555004BD3A0 /* Release */ = {
			isa = XCBuildConfiguration;
			buildSettings = {
				ALWAYS_SEARCH_USER_PATHS = NO;
				CLANG_ANALYZER_NONNULL = YES;
				CLANG_ANALYZER_NUMBER_OBJECT_CONVERSION = YES_AGGRESSIVE;
				CLANG_CXX_LANGUAGE_STANDARD = "gnu++14";
				CLANG_CXX_LIBRARY = "libc++";
				CLANG_ENABLE_MODULES = YES;
				CLANG_ENABLE_OBJC_ARC = YES;
				CLANG_ENABLE_OBJC_WEAK = YES;
				CLANG_WARN_BLOCK_CAPTURE_AUTORELEASING = YES;
				CLANG_WARN_BOOL_CONVERSION = YES;
				CLANG_WARN_COMMA = YES;
				CLANG_WARN_CONSTANT_CONVERSION = YES;
				CLANG_WARN_DEPRECATED_OBJC_IMPLEMENTATIONS = YES;
				CLANG_WARN_DIRECT_OBJC_ISA_USAGE = YES_ERROR;
				CLANG_WARN_DOCUMENTATION_COMMENTS = YES;
				CLANG_WARN_EMPTY_BODY = YES;
				CLANG_WARN_ENUM_CONVERSION = YES;
				CLANG_WARN_INFINITE_RECURSION = YES;
				CLANG_WARN_INT_CONVERSION = YES;
				CLANG_WARN_NON_LITERAL_NULL_CONVERSION = YES;
				CLANG_WARN_OBJC_IMPLICIT_RETAIN_SELF = YES;
				CLANG_WARN_OBJC_LITERAL_CONVERSION = YES;
				CLANG_WARN_OBJC_ROOT_CLASS = YES_ERROR;
				CLANG_WARN_RANGE_LOOP_ANALYSIS = YES;
				CLANG_WARN_STRICT_PROTOTYPES = YES;
				CLANG_WARN_SUSPICIOUS_MOVE = YES;
				CLANG_WARN_UNGUARDED_AVAILABILITY = YES_AGGRESSIVE;
				CLANG_WARN_UNREACHABLE_CODE = YES;
				CLANG_WARN__DUPLICATE_METHOD_MATCH = YES;
				CODE_SIGN_IDENTITY = "iPhone Developer";
				COPY_PHASE_STRIP = NO;
				DEBUG_INFORMATION_FORMAT = "dwarf-with-dsym";
				ENABLE_NS_ASSERTIONS = NO;
				ENABLE_STRICT_OBJC_MSGSEND = YES;
				GCC_C_LANGUAGE_STANDARD = gnu11;
				GCC_NO_COMMON_BLOCKS = YES;
				GCC_WARN_64_TO_32_BIT_CONVERSION = YES;
				GCC_WARN_ABOUT_RETURN_TYPE = YES_ERROR;
				GCC_WARN_UNDECLARED_SELECTOR = YES;
				GCC_WARN_UNINITIALIZED_AUTOS = YES_AGGRESSIVE;
				GCC_WARN_UNUSED_FUNCTION = YES;
				GCC_WARN_UNUSED_VARIABLE = YES;
				IPHONEOS_DEPLOYMENT_TARGET = 11.4;
				MTL_ENABLE_DEBUG_INFO = NO;
				SDKROOT = iphoneos;
				VALIDATE_PRODUCT = YES;
			};
			name = Release;
		};
		CEDDCBE920F95555004BD3A0 /* Debug */ = {
			isa = XCBuildConfiguration;
			baseConfigurationReference = 3312609BEF96BAE690B385BA /* Pods-Nooves.debug.xcconfig */;
			buildSettings = {
				ASSETCATALOG_COMPILER_APPICON_NAME = AppIcon;
				CODE_SIGN_ENTITLEMENTS = Nooves/Nooves.entitlements;
				CODE_SIGN_IDENTITY = "iPhone Developer";
				CODE_SIGN_STYLE = Automatic;
				DEVELOPMENT_TEAM = VX452D4486;
				INFOPLIST_FILE = Nooves/Info.plist;
				LD_RUNPATH_SEARCH_PATHS = (
					"$(inherited)",
					"@executable_path/Frameworks",
				);
				PRODUCT_BUNDLE_IDENTIFIER = com.nikkitran.Nooves;
				PRODUCT_NAME = "$(TARGET_NAME)";
				PROVISIONING_PROFILE_SPECIFIER = "";
				TARGETED_DEVICE_FAMILY = "1,2";
			};
			name = Debug;
		};
		CEDDCBEA20F95555004BD3A0 /* Release */ = {
			isa = XCBuildConfiguration;
			baseConfigurationReference = 50967F4318728DA354BA34E8 /* Pods-Nooves.release.xcconfig */;
			buildSettings = {
				ASSETCATALOG_COMPILER_APPICON_NAME = AppIcon;
				CODE_SIGN_ENTITLEMENTS = Nooves/Nooves.entitlements;
				CODE_SIGN_IDENTITY = "iPhone Developer";
				CODE_SIGN_STYLE = Automatic;
				DEVELOPMENT_TEAM = VX452D4486;
				INFOPLIST_FILE = Nooves/Info.plist;
				LD_RUNPATH_SEARCH_PATHS = (
					"$(inherited)",
					"@executable_path/Frameworks",
				);
				PRODUCT_BUNDLE_IDENTIFIER = com.nikkitran.Nooves;
				PRODUCT_NAME = "$(TARGET_NAME)";
				PROVISIONING_PROFILE_SPECIFIER = "";
				TARGETED_DEVICE_FAMILY = "1,2";
			};
			name = Release;
		};
		CEDDCBEC20F95555004BD3A0 /* Debug */ = {
			isa = XCBuildConfiguration;
			baseConfigurationReference = C200955B798E53F84849D328 /* Pods-NoovesTests.debug.xcconfig */;
			buildSettings = {
				BUNDLE_LOADER = "$(TEST_HOST)";
				CODE_SIGN_STYLE = Automatic;
				DEVELOPMENT_TEAM = VX452D4486;
				INFOPLIST_FILE = NoovesTests/Info.plist;
				LD_RUNPATH_SEARCH_PATHS = (
					"$(inherited)",
					"@executable_path/Frameworks",
					"@loader_path/Frameworks",
				);
				PRODUCT_BUNDLE_IDENTIFIER = com.nikkitran.NoovesTests;
				PRODUCT_NAME = "$(TARGET_NAME)";
				TARGETED_DEVICE_FAMILY = "1,2";
				TEST_HOST = "$(BUILT_PRODUCTS_DIR)/Nooves.app/Nooves";
			};
			name = Debug;
		};
		CEDDCBED20F95555004BD3A0 /* Release */ = {
			isa = XCBuildConfiguration;
			baseConfigurationReference = 31C829B9B99B723EAFEEB908 /* Pods-NoovesTests.release.xcconfig */;
			buildSettings = {
				BUNDLE_LOADER = "$(TEST_HOST)";
				CODE_SIGN_STYLE = Automatic;
				DEVELOPMENT_TEAM = VX452D4486;
				INFOPLIST_FILE = NoovesTests/Info.plist;
				LD_RUNPATH_SEARCH_PATHS = (
					"$(inherited)",
					"@executable_path/Frameworks",
					"@loader_path/Frameworks",
				);
				PRODUCT_BUNDLE_IDENTIFIER = com.nikkitran.NoovesTests;
				PRODUCT_NAME = "$(TARGET_NAME)";
				TARGETED_DEVICE_FAMILY = "1,2";
				TEST_HOST = "$(BUILT_PRODUCTS_DIR)/Nooves.app/Nooves";
			};
			name = Release;
		};
		CEDDCBEF20F95555004BD3A0 /* Debug */ = {
			isa = XCBuildConfiguration;
			baseConfigurationReference = 06786DE63FEA0714A6A6FF94 /* Pods-NoovesUITests.debug.xcconfig */;
			buildSettings = {
				CODE_SIGN_STYLE = Automatic;
				DEVELOPMENT_TEAM = VX452D4486;
				INFOPLIST_FILE = NoovesUITests/Info.plist;
				LD_RUNPATH_SEARCH_PATHS = (
					"$(inherited)",
					"@executable_path/Frameworks",
					"@loader_path/Frameworks",
				);
				PRODUCT_BUNDLE_IDENTIFIER = com.nikkitran.NoovesUITests;
				PRODUCT_NAME = "$(TARGET_NAME)";
				TARGETED_DEVICE_FAMILY = "1,2";
				TEST_TARGET_NAME = Nooves;
			};
			name = Debug;
		};
		CEDDCBF020F95555004BD3A0 /* Release */ = {
			isa = XCBuildConfiguration;
			baseConfigurationReference = 677409334A32D9A7E42E695F /* Pods-NoovesUITests.release.xcconfig */;
			buildSettings = {
				CODE_SIGN_STYLE = Automatic;
				DEVELOPMENT_TEAM = VX452D4486;
				INFOPLIST_FILE = NoovesUITests/Info.plist;
				LD_RUNPATH_SEARCH_PATHS = (
					"$(inherited)",
					"@executable_path/Frameworks",
					"@loader_path/Frameworks",
				);
				PRODUCT_BUNDLE_IDENTIFIER = com.nikkitran.NoovesUITests;
				PRODUCT_NAME = "$(TARGET_NAME)";
				TARGETED_DEVICE_FAMILY = "1,2";
				TEST_TARGET_NAME = Nooves;
			};
			name = Release;
		};
/* End XCBuildConfiguration section */

/* Begin XCConfigurationList section */
		CEDDCBB720F95554004BD3A0 /* Build configuration list for PBXProject "Nooves" */ = {
			isa = XCConfigurationList;
			buildConfigurations = (
				CEDDCBE620F95555004BD3A0 /* Debug */,
				CEDDCBE720F95555004BD3A0 /* Release */,
			);
			defaultConfigurationIsVisible = 0;
			defaultConfigurationName = Release;
		};
		CEDDCBE820F95555004BD3A0 /* Build configuration list for PBXNativeTarget "Nooves" */ = {
			isa = XCConfigurationList;
			buildConfigurations = (
				CEDDCBE920F95555004BD3A0 /* Debug */,
				CEDDCBEA20F95555004BD3A0 /* Release */,
			);
			defaultConfigurationIsVisible = 0;
			defaultConfigurationName = Release;
		};
		CEDDCBEB20F95555004BD3A0 /* Build configuration list for PBXNativeTarget "NoovesTests" */ = {
			isa = XCConfigurationList;
			buildConfigurations = (
				CEDDCBEC20F95555004BD3A0 /* Debug */,
				CEDDCBED20F95555004BD3A0 /* Release */,
			);
			defaultConfigurationIsVisible = 0;
			defaultConfigurationName = Release;
		};
		CEDDCBEE20F95555004BD3A0 /* Build configuration list for PBXNativeTarget "NoovesUITests" */ = {
			isa = XCConfigurationList;
			buildConfigurations = (
				CEDDCBEF20F95555004BD3A0 /* Debug */,
				CEDDCBF020F95555004BD3A0 /* Release */,
			);
			defaultConfigurationIsVisible = 0;
			defaultConfigurationName = Release;
		};
/* End XCConfigurationList section */
	};
	rootObject = CEDDCBB420F95554004BD3A0 /* Project object */;
}
